Microsoft Visual Studio Solution File, Format Version 12.00
# Visual Studio Version 17
VisualStudioVersion = 17.5.2.0
MinimumVisualStudioVersion = 10.0.40219.1
Project("{FAE04EC0-301F-11D3-BF4B-00C04F79EFBC}") = "Demo", "Demo\Demo.csproj", "{D1CCB24F-A868-F185-9228-8CC249247C79}"
EndProject
Global
	GlobalSection(SolutionConfigurationPlatforms) = preSolution
		Debug|Any CPU = Debug|Any CPU
		Release|Any CPU = Release|Any CPU
	EndGlobalSection
	GlobalSection(ProjectConfigurationPlatforms) = postSolution
		{D1CCB24F-A868-F185-9228-8CC249247C79}.Debug|Any CPU.ActiveCfg = Debug|Any CPU
		{D1CCB24F-A868-F185-9228-8CC249247C79}.Debug|Any CPU.Build.0 = Debug|Any CPU
		{D1CCB24F-A868-F185-9228-8CC249247C79}.Release|Any CPU.ActiveCfg = Release|Any CPU
		{D1CCB24F-A868-F185-9228-8CC249247C79}.Release|Any CPU.Build.0 = Release|Any CPU
	EndGlobalSection
	GlobalSection(SolutionProperties) = preSolution
		HideSolutionNode = FALSE
	EndGlobalSection
	GlobalSection(ExtensibilityGlobals) = postSolution
		SolutionGuid = {D73491D4-84F2-49FC-BA63-7D1F271C699D}
	EndGlobalSection
EndGlobal
